
Microsoft Visual Studio Solution File, Format Version 12.00
# Visual Studio 15
Project("{FAE04EC0-301F-11D3-BF4B-00C04F79EFBC}") = "TipCalculator", "TipCalculator.csproj", "{45C120F2-EF74-48A8-A8D0-37D4CBBF31C7}"
EndProject
Global
	GlobalSection(SolutionConfigurationPlatforms) = preSolution
		Debug|Any CPU = Debug|Any CPU
		Release|Any CPU = Release|Any CPU
	EndGlobalSection
	GlobalSection(ProjectConfigurationPlatforms) = postSolution
		{45C120F2-EF74-48A8-A8D0-37D4CBBF31C7}.Debug|Any CPU.ActiveCfg = Debug|Any CPU
		{45C120F2-EF74-48A8-A8D0-37D4CBBF31C7}.Debug|Any CPU.Build.0 = Debug|Any CPU
		{45C120F2-EF74-48A8-A8D0-37D4CBBF31C7}.Release|Any CPU.ActiveCfg = Release|Any CPU
		{45C120F2-EF74-48A8-A8D0-37D4CBBF31C7}.Release|Any CPU.Build.0 = Release|Any CPU
	EndGlobalSection
EndGlobal
